// !$*UTF8*$!
{
	archiveVersion = 1;
	classes = {
	};
	objectVersion = 51;
	objects = {

/* Begin PBXBuildFile section */
		3AA33D8862346B15ABB3C788 /* Pods_remoteConf.framework in Frameworks */ = {isa = PBXBuildFile; fileRef = 287C2CC25B61B3FB21C9B555 /* Pods_remoteConf.framework */; };
		4513F2E3247EEA970075E0C3 /* AppDelegate.swift in Sources */ = {isa = PBXBuildFile; fileRef = 4513F2E2247EEA970075E0C3 /* AppDelegate.swift */; };
		4513F2E5247EEA970075E0C3 /* SceneDelegate.swift in Sources */ = {isa = PBXBuildFile; fileRef = 4513F2E4247EEA970075E0C3 /* SceneDelegate.swift */; };
		4513F2E7247EEA970075E0C3 /* ViewController.swift in Sources */ = {isa = PBXBuildFile; fileRef = 4513F2E6247EEA970075E0C3 /* ViewController.swift */; };
		4513F2EA247EEA970075E0C3 /* Main.storyboard in Resources */ = {isa = PBXBuildFile; fileRef = 4513F2E8247EEA970075E0C3 /* Main.storyboard */; };
		4513F2EC247EEA990075E0C3 /* Assets.xcassets in Resources */ = {isa = PBXBuildFile; fileRef = 4513F2EB247EEA990075E0C3 /* Assets.xcassets */; };
		4513F2EF247EEA990075E0C3 /* LaunchScreen.storyboard in Resources */ = {isa = PBXBuildFile; fileRef = 4513F2ED247EEA990075E0C3 /* LaunchScreen.storyboard */; };
		4513F2F7247EEAA30075E0C3 /* GoogleService-Info.plist in Resources */ = {isa = PBXBuildFile; fileRef = 4513F2F6247EEAA30075E0C3 /* GoogleService-Info.plist */; };
/* End PBXBuildFile section */

/* Begin PBXFileReference section */
		287C2CC25B61B3FB21C9B555 /* Pods_remoteConf.framework */ = {isa = PBXFileReference; explicitFileType = wrapper.framework; includeInIndex = 0; path = Pods_remoteConf.framework; sourceTree = BUILT_PRODUCTS_DIR; };
		4513F2DF247EEA970075E0C3 /* remoteConf.app */ = {isa = PBXFileReference; explicitFileType = wrapper.application; includeInIndex = 0; path = remoteConf.app; sourceTree = BUILT_PRODUCTS_DIR; };
		4513F2E2247EEA970075E0C3 /* AppDelegate.swift */ = {isa = PBXFileReference; lastKnownFileType = sourcecode.swift; path = AppDelegate.swift; sourceTree = "<group>"; };
		4513F2E4247EEA970075E0C3 /* SceneDelegate.swift */ = {isa = PBXFileReference; lastKnownFileType = sourcecode.swift; path = SceneDelegate.swift; sourceTree = "<group>"; };
		4513F2E6247EEA970075E0C3 /* ViewController.swift */ = {isa = PBXFileReference; lastKnownFileType = sourcecode.swift; path = ViewController.swift; sourceTree = "<group>"; };
		4513F2E9247EEA970075E0C3 /* Base */ = {isa = PBXFileReference; lastKnownFileType = file.storyboard; name = Base; path = Base.lproj/Main.storyboard; sourceTree = "<group>"; };
		4513F2EB247EEA990075E0C3 /* Assets.xcassets */ = {isa = PBXFileReference; lastKnownFileType = folder.assetcatalog; path = Assets.xcassets; sourceTree = "<group>"; };
		4513F2EE247EEA990075E0C3 /* Base */ = {isa = PBXFileReference; lastKnownFileType = file.storyboard; name = Base; path = Base.lproj/LaunchScreen.storyboard; sourceTree = "<group>"; };
		4513F2F0247EEA990075E0C3 /* Info.plist */ = {isa = PBXFileReference; lastKnownFileType = text.plist.xml; path = Info.plist; sourceTree = "<group>"; };
		4513F2F6247EEAA30075E0C3 /* GoogleService-Info.plist */ = {isa = PBXFileReference; fileEncoding = 4; lastKnownFileType = text.plist.xml; path = "GoogleService-Info.plist"; sourceTree = "<group>"; };
		46FD8F9437D5EC6C22D32FC9 /* Pods-remoteConf.release.xcconfig */ = {isa = PBXFileReference; includeInIndex = 1; lastKnownFileType = text.xcconfig; name = "Pods-remoteConf.release.xcconfig"; path = "Target Support Files/Pods-remoteConf/Pods-remoteConf.release.xcconfig"; sourceTree = "<group>"; };
		DCF8A9AFCB85E1A505C8D400 /* Pods-remoteConf.debug.xcconfig */ = {isa = PBXFileReference; includeInIndex = 1; lastKnownFileType = text.xcconfig; name = "Pods-remoteConf.debug.xcconfig"; path = "Target Support Files/Pods-remoteConf/Pods-remoteConf.debug.xcconfig"; sourceTree = "<group>"; };
/* End PBXFileReference section */

/* Begin PBXFrameworksBuildPhase section */
		4513F2DC247EEA970075E0C3 /* Frameworks */ = {
			isa = PBXFrameworksBuildPhase;
			buildActionMask = 2147483647;
			files = (
				3AA33D8862346B15ABB3C788 /* Pods_remoteConf.framework in Frameworks */,
			);
			runOnlyForDeploymentPostprocessing = 0;
		};
/* End PBXFrameworksBuildPhase section */

/* Begin PBXGroup section */
		4513F2D6247EEA970075E0C3 = {
			isa = PBXGroup;
			children = (
				4513F2E1247EEA970075E0C3 /* remoteConf */,
				4513F2E0247EEA970075E0C3 /* Products */,
				549FBCA54E0494E71E8EB1E9 /* Pods */,
				B805C9932137A3460DE446E9 /* Frameworks */,
			);
			sourceTree = "<group>";
		};
		4513F2E0247EEA970075E0C3 /* Products */ = {
			isa = PBXGroup;
			children = (
				4513F2DF247EEA970075E0C3 /* remoteConf.app */,
			);
			name = Products;
			sourceTree = "<group>";
		};
		4513F2E1247EEA970075E0C3 /* remoteConf */ = {
			isa = PBXGroup;
			children = (
				4513F2E2247EEA970075E0C3 /* AppDelegate.swift */,
				4513F2E4247EEA970075E0C3 /* SceneDelegate.swift */,
				4513F2E6247EEA970075E0C3 /* ViewController.swift */,
				4513F2E8247EEA970075E0C3 /* Main.storyboard */,
				4513F2EB247EEA990075E0C3 /* Assets.xcassets */,
				4513F2ED247EEA990075E0C3 /* LaunchScreen.storyboard */,
				4513F2F0247EEA990075E0C3 /* Info.plist */,
				4513F2F6247EEAA30075E0C3 /* GoogleService-Info.plist */,
			);
			path = remoteConf;
			sourceTree = "<group>";
		};
		549FBCA54E0494E71E8EB1E9 /* Pods */ = {
			isa = PBXGroup;
			children = (
				DCF8A9AFCB85E1A505C8D400 /* Pods-remoteConf.debug.xcconfig */,
				46FD8F9437D5EC6C22D32FC9 /* Pods-remoteConf.release.xcconfig */,
			);
			path = Pods;
			sourceTree = "<group>";
		};
		B805C9932137A3460DE446E9 /* Frameworks */ = {
			isa = PBXGroup;
			children = (
				287C2CC25B61B3FB21C9B555 /* Pods_remoteConf.framework */,
			);
			name = Frameworks;
			sourceTree = "<group>";
		};
/* End PBXGroup section */

/* Begin PBXNativeTarget section */
		4513F2DE247EEA970075E0C3 /* remoteConf */ = {
			isa = PBXNativeTarget;
			buildConfigurationList = 4513F2F3247EEA990075E0C3 /* Build configuration list for PBXNativeTarget "remoteConf" */;
			buildPhases = (
				529B7F353299B4361A16E63B /* [CP] Check Pods Manifest.lock */,
				4513F2DB247EEA970075E0C3 /* Sources */,
				4513F2DC247EEA970075E0C3 /* Frameworks */,
				4513F2DD247EEA970075E0C3 /* Resources */,
				565E49955793051EB455CC9C /* [CP] Embed Pods Frameworks */,
			);
			buildRules = (
			);
			dependencies = (
			);
			name = remoteConf;
			productName = remoteConf;
			productReference = 4513F2DF247EEA970075E0C3 /* remoteConf.app */;
			productType = "com.apple.product-type.application";
		};
/* End PBXNativeTarget section */

/* Begin PBXProject section */
		4513F2D7247EEA970075E0C3 /* Project object */ = {
			isa = PBXProject;
			attributes = {
				LastSwiftUpdateCheck = 1150;
				LastUpgradeCheck = 1150;
				ORGANIZATIONNAME = "Михаил Маслов";
				TargetAttributes = {
					4513F2DE247EEA970075E0C3 = {
						CreatedOnToolsVersion = 11.5;
					};
				};
			};
			buildConfigurationList = 4513F2DA247EEA970075E0C3 /* Build configuration list for PBXProject "remoteConf" */;
			compatibilityVersion = "Xcode 9.3";
			developmentRegion = en;
			hasScannedForEncodings = 0;
			knownRegions = (
				en,
				Base,
			);
			mainGroup = 4513F2D6247EEA970075E0C3;
			productRefGroup = 4513F2E0247EEA970075E0C3 /* Products */;
			projectDirPath = "";
			projectRoot = "";
			targets = (
				4513F2DE247EEA970075E0C3 /* remoteConf */,
			);
		};
/* End PBXProject section */

/* Begin PBXResourcesBuildPhase section */
		4513F2DD247EEA970075E0C3 /* Resources */ = {
			isa = PBXResourcesBuildPhase;
			buildActionMask = 2147483647;
			files = (
				4513F2EF247EEA990075E0C3 /* LaunchScreen.storyboard in Resources */,
				4513F2F7247EEAA30075E0C3 /* GoogleService-Info.plist in Resources */,
				4513F2EC247EEA990075E0C3 /* Assets.xcassets in Resources */,
				4513F2EA247EEA970075E0C3 /* Main.storyboard in Resources */,
			);
			runOnlyForDeploymentPostprocessing = 0;
		};
/* End PBXResourcesBuildPhase section */

/* Begin PBXShellScriptBuildPhase section */
		529B7F353299B4361A16E63B /* [CP] Check Pods Manifest.lock */ = {
			isa = PBXShellScriptBuildPhase;
			buildActionMask = 2147483647;
			files = (
			);
			inputFileListPaths = (
			);
			inputPaths = (
				"${PODS_PODFILE_DIR_PATH}/Podfile.lock",
				"${PODS_ROOT}/Manifest.lock",
			);
			name = "[CP] Check Pods Manifest.lock";
			outputFileListPaths = (
			);
			outputPaths = (
				"$(DERIVED_FILE_DIR)/Pods-remoteConf-checkManifestLockResult.txt",
			);
			runOnlyForDeploymentPostprocessing = 0;
			shellPath = /bin/sh;
			shellScript = "diff \"${PODS_PODFILE_DIR_PATH}/Podfile.lock\" \"${PODS_ROOT}/Manifest.lock\" > /dev/null\nif [ $? != 0 ] ; then\n    # print error to STDERR\n    echo \"error: The sandbox is not in sync with the Podfile.lock. Run 'pod install' or update your CocoaPods installation.\" >&2\n    exit 1\nfi\n# This output is used by Xcode 'outputs' to avoid re-running this script phase.\necho \"SUCCESS\" > \"${SCRIPT_OUTPUT_FILE_0}\"\n";
			showEnvVarsInLog = 0;
		};
		565E49955793051EB455CC9C /* [CP] Embed Pods Frameworks */ = {
			isa = PBXShellScriptBuildPhase;
			buildActionMask = 2147483647;
			files = (
			);
			inputFileListPaths = (
				"${PODS_ROOT}/Target Support Files/Pods-remoteConf/Pods-remoteConf-frameworks-${CONFIGURATION}-input-files.xcfilelist",
			);
			name = "[CP] Embed Pods Frameworks";
			outputFileListPaths = (
				"${PODS_ROOT}/Target Support Files/Pods-remoteConf/Pods-remoteConf-frameworks-${CONFIGURATION}-output-files.xcfilelist",
			);
			runOnlyForDeploymentPostprocessing = 0;
			shellPath = /bin/sh;
			shellScript = "\"${PODS_ROOT}/Target Support Files/Pods-remoteConf/Pods-remoteConf-frameworks.sh\"\n";
			showEnvVarsInLog = 0;
		};
/* End PBXShellScriptBuildPhase section */

/* Begin PBXSourcesBuildPhase section */
		4513F2DB247EEA970075E0C3 /* Sources */ = {
			isa = PBXSourcesBuildPhase;
			buildActionMask = 2147483647;
			files = (
				4513F2E7247EEA970075E0C3 /* ViewController.swift in Sources */,
				4513F2E3247EEA970075E0C3 /* AppDelegate.swift in Sources */,
				4513F2E5247EEA970075E0C3 /* SceneDelegate.swift in Sources */,
			);
			runOnlyForDeploymentPostprocessing = 0;
		};
/* End PBXSourcesBuildPhase section */

/* Begin PBXVariantGroup section */
		4513F2E8247EEA970075E0C3 /* Main.storyboard */ = {
			isa = PBXVariantGroup;
			children = (
				4513F2E9247EEA970075E0C3 /* Base */,
			);
			name = Main.storyboard;
			sourceTree = "<group>";
		};
		4513F2ED247EEA990075E0C3 /* LaunchScreen.storyboard */ = {
			isa = PBXVariantGroup;
			children = (
				4513F2EE247EEA990075E0C3 /* Base */,
			);
			name = LaunchScreen.storyboard;
			sourceTree = "<group>";
		};
/* End PBXVariantGroup section */

/* Begin XCBuildConfiguration section */
		4513F2F1247EEA990075E0C3 /* Debug */ = {
			isa = XCBuildConfiguration;
			buildSettings = {
				ALWAYS_SEARCH_USER_PATHS = NO;
				CLANG_ANALYZER_NONNULL = YES;
				CLANG_ANALYZER_NUMBER_OBJECT_CONVERSION = YES_AGGRESSIVE;
				CLANG_CXX_LANGUAGE_STANDARD = "gnu++14";
				CLANG_CXX_LIBRARY = "libc++";
				CLANG_ENABLE_MODULES = YES;
				CLANG_ENABLE_OBJC_ARC = YES;
				CLANG_ENABLE_OBJC_WEAK = YES;
				CLANG_WARN_BLOCK_CAPTURE_AUTORELEASING = YES;
				CLANG_WARN_BOOL_CONVERSION = YES;
				CLANG_WARN_COMMA = YES;
				CLANG_WARN_CONSTANT_CONVERSION = YES;
				CLANG_WARN_DEPRECATED_OBJC_IMPLEMENTATIONS = YES;
				CLANG_WARN_DIRECT_OBJC_ISA_USAGE = YES_ERROR;
				CLANG_WARN_DOCUMENTATION_COMMENTS = YES;
				CLANG_WARN_EMPTY_BODY = YES;
				CLANG_WARN_ENUM_CONVERSION = YES;
				CLANG_WARN_INFINITE_RECURSION = YES;
				CLANG_WARN_INT_CONVERSION = YES;
				CLANG_WARN_NON_LITERAL_NULL_CONVERSION = YES;
				CLANG_WARN_OBJC_IMPLICIT_RETAIN_SELF = YES;
				CLANG_WARN_OBJC_LITERAL_CONVERSION = YES;
				CLANG_WARN_OBJC_ROOT_CLASS = YES_ERROR;
				CLANG_WARN_RANGE_LOOP_ANALYSIS = YES;
				CLANG_WARN_STRICT_PROTOTYPES = YES;
				CLANG_WARN_SUSPICIOUS_MOVE = YES;
				CLANG_WARN_UNGUARDED_AVAILABILITY = YES_AGGRESSIVE;
				CLANG_WARN_UNREACHABLE_CODE = YES;
				CLANG_WARN__DUPLICATE_METHOD_MATCH = YES;
				COPY_PHASE_STRIP = NO;
				DEBUG_INFORMATION_FORMAT = dwarf;
				ENABLE_STRICT_OBJC_MSGSEND = YES;
				ENABLE_TESTABILITY = YES;
				GCC_C_LANGUAGE_STANDARD = gnu11;
				GCC_DYNAMIC_NO_PIC = NO;
				GCC_NO_COMMON_BLOCKS = YES;
				GCC_OPTIMIZATION_LEVEL = 0;
				GCC_PREPROCESSOR_DEFINITIONS = (
					"DEBUG=1",
					"$(inherited)",
				);
				GCC_WARN_64_TO_32_BIT_CONVERSION = YES;
				GCC_WARN_ABOUT_RETURN_TYPE = YES_ERROR;
				GCC_WARN_UNDECLARED_SELECTOR = YES;
				GCC_WARN_UNINITIALIZED_AUTOS = YES_AGGRESSIVE;
				GCC_WARN_UNUSED_FUNCTION = YES;
				GCC_WARN_UNUSED_VARIABLE = YES;
				IPHONEOS_DEPLOYMENT_TARGET = 13.5;
				MTL_ENABLE_DEBUG_INFO = INCLUDE_SOURCE;
				MTL_FAST_MATH = YES;
				ONLY_ACTIVE_ARCH = YES;
				SDKROOT = iphoneos;
				SWIFT_ACTIVE_COMPILATION_CONDITIONS = DEBUG;
				SWIFT_OPTIMIZATION_LEVEL = "-Onone";
			};
			name = Debug;
		};
		4513F2F2247EEA990075E0C3 /* Release */ = {
			isa = XCBuildConfiguration;
			buildSettings = {
				ALWAYS_SEARCH_USER_PATHS = NO;
				CLANG_ANALYZER_NONNULL = YES;
				CLANG_ANALYZER_NUMBER_OBJECT_CONVERSION = YES_AGGRESSIVE;
				CLANG_CXX_LANGUAGE_STANDARD = "gnu++14";
				CLANG_CXX_LIBRARY = "libc++";
				CLANG_ENABLE_MODULES = YES;
				CLANG_ENABLE_OBJC_ARC = YES;
				CLANG_ENABLE_OBJC_WEAK = YES;
				CLANG_WARN_BLOCK_CAPTURE_AUTORELEASING = YES;
				CLANG_WARN_BOOL_CONVERSION = YES;
				CLANG_WARN_COMMA = YES;
				CLANG_WARN_CONSTANT_CONVERSION = YES;
				CLANG_WARN_DEPRECATED_OBJC_IMPLEMENTATIONS = YES;
				CLANG_WARN_DIRECT_OBJC_ISA_USAGE = YES_ERROR;
				CLANG_WARN_DOCUMENTATION_COMMENTS = YES;
				CLANG_WARN_EMPTY_BODY = YES;
				CLANG_WARN_ENUM_CONVERSION = YES;
				CLANG_WARN_INFINITE_RECURSION = YES;
				CLANG_WARN_INT_CONVERSION = YES;
				CLANG_WARN_NON_LITERAL_NULL_CONVERSION = YES;
				CLANG_WARN_OBJC_IMPLICIT_RETAIN_SELF = YES;
				CLANG_WARN_OBJC_LITERAL_CONVERSION = YES;
				CLANG_WARN_OBJC_ROOT_CLASS = YES_ERROR;
				CLANG_WARN_RANGE_LOOP_ANALYSIS = YES;
				CLANG_WARN_STRICT_PROTOTYPES = YES;
				CLANG_WARN_SUSPICIOUS_MOVE = YES;
				CLANG_WARN_UNGUARDED_AVAILABILITY = YES_AGGRESSIVE;
				CLANG_WARN_UNREACHABLE_CODE = YES;
				CLANG_WARN__DUPLICATE_METHOD_MATCH = YES;
				COPY_PHASE_STRIP = NO;
				DEBUG_INFORMATION_FORMAT = "dwarf-with-dsym";
				ENABLE_NS_ASSERTIONS = NO;
				ENABLE_STRICT_OBJC_MSGSEND = YES;
				GCC_C_LANGUAGE_STANDARD = gnu11;
				GCC_NO_COMMON_BLOCKS = YES;
				GCC_WARN_64_TO_32_BIT_CONVERSION = YES;
				GCC_WARN_ABOUT_RETURN_TYPE = YES_ERROR;
				GCC_WARN_UNDECLARED_SELECTOR = YES;
				GCC_WARN_UNINITIALIZED_AUTOS = YES_AGGRESSIVE;
				GCC_WARN_UNUSED_FUNCTION = YES;
				GCC_WARN_UNUSED_VARIABLE = YES;
				IPHONEOS_DEPLOYMENT_TARGET = 13.5;
				MTL_ENABLE_DEBUG_INFO = NO;
				MTL_FAST_MATH = YES;
				SDKROOT = iphoneos;
				SWIFT_COMPILATION_MODE = wholemodule;
				SWIFT_OPTIMIZATION_LEVEL = "-O";
				VALIDATE_PRODUCT = YES;
			};
			name = Release;
		};
		4513F2F4247EEA990075E0C3 /* Debug */ = {
			isa = XCBuildConfiguration;
			baseConfigurationReference = DCF8A9AFCB85E1A505C8D400 /* Pods-remoteConf.debug.xcconfig */;
			buildSettings = {
				ASSETCATALOG_COMPILER_APPICON_NAME = AppIcon;
				CODE_SIGN_STYLE = Automatic;
				DEVELOPMENT_TEAM = 4T6G57HTX8;
				INFOPLIST_FILE = remoteConf/Info.plist;
				LD_RUNPATH_SEARCH_PATHS = (
					"$(inherited)",
					"@executable_path/Frameworks",
				);
				PRODUCT_BUNDLE_IDENTIFIER = edu.remoteConf;
				PRODUCT_NAME = "$(TARGET_NAME)";
				SWIFT_VERSION = 5.0;
				TARGETED_DEVICE_FAMILY = 1;
			};
			name = Debug;
		};
		4513F2F5247EEA990075E0C3 /* Release */ = {
			isa = XCBuildConfiguration;
			baseConfigurationReference = 46FD8F9437D5EC6C22D32FC9 /* Pods-remoteConf.release.xcconfig */;
			buildSettings = {
				ASSETCATALOG_COMPILER_APPICON_NAME = AppIcon;
				CODE_SIGN_STYLE = Automatic;
				DEVELOPMENT_TEAM = 4T6G57HTX8;
				INFOPLIST_FILE = remoteConf/Info.plist;
				LD_RUNPATH_SEARCH_PATHS = (
					"$(inherited)",
					"@executable_path/Frameworks",
				);
				PRODUCT_BUNDLE_IDENTIFIER = edu.remoteConf;
				PRODUCT_NAME = "$(TARGET_NAME)";
				SWIFT_VERSION = 5.0;
				TARGETED_DEVICE_FAMILY = 1;
			};
			name = Release;
		};
/* End XCBuildConfiguration section */

/* Begin XCConfigurationList section */
		4513F2DA247EEA970075E0C3 /* Build configuration list for PBXProject "remoteConf" */ = {
			isa = XCConfigurationList;
			buildConfigurations = (
				4513F2F1247EEA990075E0C3 /* Debug */,
				4513F2F2247EEA990075E0C3 /* Release */,
			);
			defaultConfigurationIsVisible = 0;
			defaultConfigurationName = Release;
		};
		4513F2F3247EEA990075E0C3 /* Build configuration list for PBXNativeTarget "remoteConf" */ = {
			isa = XCConfigurationList;
			buildConfigurations = (
				4513F2F4247EEA990075E0C3 /* Debug */,
				4513F2F5247EEA990075E0C3 /* Release */,
			);
			defaultConfigurationIsVisible = 0;
			defaultConfigurationName = Release;
		};
/* End XCConfigurationList section */
	};
	rootObject = 4513F2D7247EEA970075E0C3 /* Project object */;
}
